
Microsoft Visual Studio Solution File, Format Version 12.00
# Visual Studio Version 17
VisualStudioVersion = 17.0.32112.339
MinimumVisualStudioVersion = 10.0.40219.1
Project("{FAE04EC0-301F-11D3-BF4B-00C04F79EFBC}") = "ConsoleApp4", "ConsoleApp4\ConsoleApp4.csproj", "{0703FC01-0341-443D-BFB2-3B967C6D99EB}"
EndProject
Global
	GlobalSection(SolutionConfigurationPlatforms) = preSolution
		Debug|Any CPU = Debug|Any CPU
		Release|Any CPU = Release|Any CPU
	EndGlobalSection
	GlobalSection(ProjectConfigurationPlatforms) = postSolution
		{0703FC01-0341-443D-BFB2-3B967C6D99EB}.Debug|Any CPU.ActiveCfg = Debug|Any CPU
		{0703FC01-0341-443D-BFB2-3B967C6D99EB}.Debug|Any CPU.Build.0 = Debug|Any CPU
		{0703FC01-0341-443D-BFB2-3B967C6D99EB}.Release|Any CPU.ActiveCfg = Release|Any CPU
		{0703FC01-0341-443D-BFB2-3B967C6D99EB}.Release|Any CPU.Build.0 = Release|Any CPU
	EndGlobalSection
	GlobalSection(SolutionProperties) = preSolution
		HideSolutionNode = FALSE
	EndGlobalSection
	GlobalSection(ExtensibilityGlobals) = postSolution
		SolutionGuid = {43764746-918C-4F68-8952-F14E2AF45D36}
	EndGlobalSection
EndGlobal
